
Microsoft Visual Studio Solution File, Format Version 12.00
# Visual Studio Version 17
VisualStudioVersion = 17.1.32210.238
MinimumVisualStudioVersion = 10.0.40219.1
Project("{FAE04EC0-301F-11D3-BF4B-00C04F79EFBC}") = "PartimeEmpWage", "PartimeEmpWage\PartimeEmpWage.csproj", "{9D59A53C-C639-4044-A9D2-3E1706CC8A93}"
EndProject
Global
	GlobalSection(SolutionConfigurationPlatforms) = preSolution
		Debug|Any CPU = Debug|Any CPU
		Release|Any CPU = Release|Any CPU
	EndGlobalSection
	GlobalSection(ProjectConfigurationPlatforms) = postSolution
		{9D59A53C-C639-4044-A9D2-3E1706CC8A93}.Debug|Any CPU.ActiveCfg = Debug|Any CPU
		{9D59A53C-C639-4044-A9D2-3E1706CC8A93}.Debug|Any CPU.Build.0 = Debug|Any CPU
		{9D59A53C-C639-4044-A9D2-3E1706CC8A93}.Release|Any CPU.ActiveCfg = Release|Any CPU
		{9D59A53C-C639-4044-A9D2-3E1706CC8A93}.Release|Any CPU.Build.0 = Release|Any CPU
	EndGlobalSection
	GlobalSection(SolutionProperties) = preSolution
		HideSolutionNode = FALSE
	EndGlobalSection
	GlobalSection(ExtensibilityGlobals) = postSolution
		SolutionGuid = {1686556D-A102-4096-A5A5-4891DC97AA58}
	EndGlobalSection
EndGlobal
